// !$*UTF8*$!
{
	archiveVersion = 1;
	classes = {
	};
	objectVersion = 56;
	objects = {

/* Begin PBXBuildFile section */
		7159383D2C940ECC00FC9929 /* EnMonDicApp.swift in Sources */ = {isa = PBXBuildFile; fileRef = 7159383C2C940ECC00FC9929 /* EnMonDicApp.swift */; };
		7159383F2C940ECC00FC9929 /* ContentView.swift in Sources */ = {isa = PBXBuildFile; fileRef = 7159383E2C940ECC00FC9929 /* ContentView.swift */; };
		715938412C940ECD00FC9929 /* Assets.xcassets in Resources */ = {isa = PBXBuildFile; fileRef = 715938402C940ECD00FC9929 /* Assets.xcassets */; };
		715938442C940ECD00FC9929 /* Preview Assets.xcassets in Resources */ = {isa = PBXBuildFile; fileRef = 715938432C940ECD00FC9929 /* Preview Assets.xcassets */; };
		715938462C940ECD00FC9929 /* Persistence.swift in Sources */ = {isa = PBXBuildFile; fileRef = 715938452C940ECD00FC9929 /* Persistence.swift */; };
		715938492C940ECD00FC9929 /* EnMonDic.xcdatamodeld in Sources */ = {isa = PBXBuildFile; fileRef = 715938472C940ECD00FC9929 /* EnMonDic.xcdatamodeld */; };
		715938572C9413EF00FC9929 /* Mon3Anonta1.ttf in Resources */ = {isa = PBXBuildFile; fileRef = 715938522C9413EF00FC9929 /* Mon3Anonta1.ttf */; };
		715938582C9413EF00FC9929 /* MUA_Office_adobe.ttf in Resources */ = {isa = PBXBuildFile; fileRef = 715938532C9413EF00FC9929 /* MUA_Office_adobe.ttf */; };
		715938592C9413EF00FC9929 /* Pyidaungsu-1.7_Bold.ttf in Resources */ = {isa = PBXBuildFile; fileRef = 715938542C9413EF00FC9929 /* Pyidaungsu-1.7_Bold.ttf */; };
		7159385A2C9413EF00FC9929 /* Pyidaungsu-1.7_Regular.ttf in Resources */ = {isa = PBXBuildFile; fileRef = 715938552C9413EF00FC9929 /* Pyidaungsu-1.7_Regular.ttf */; };
		7159385C2C94142E00FC9929 /* dictionary.json in Resources */ = {isa = PBXBuildFile; fileRef = 7159385B2C94142E00FC9929 /* dictionary.json */; };
		7159385E2C941F9900FC9929 /* DataLoader.swift in Sources */ = {isa = PBXBuildFile; fileRef = 7159385D2C941F9900FC9929 /* DataLoader.swift */; };
		715938602C94236D00FC9929 /* SearchView.swift in Sources */ = {isa = PBXBuildFile; fileRef = 7159385F2C94236D00FC9929 /* SearchView.swift */; };
		715938622C942BF300FC9929 /* Tab.swift in Sources */ = {isa = PBXBuildFile; fileRef = 715938612C942BF300FC9929 /* Tab.swift */; };
/* End PBXBuildFile section */

/* Begin PBXFileReference section */
		715938392C940ECC00FC9929 /* EnMonDic.app */ = {isa = PBXFileReference; explicitFileType = wrapper.application; includeInIndex = 0; path = EnMonDic.app; sourceTree = BUILT_PRODUCTS_DIR; };
		7159383C2C940ECC00FC9929 /* EnMonDicApp.swift */ = {isa = PBXFileReference; lastKnownFileType = sourcecode.swift; path = EnMonDicApp.swift; sourceTree = "<group>"; };
		7159383E2C940ECC00FC9929 /* ContentView.swift */ = {isa = PBXFileReference; lastKnownFileType = sourcecode.swift; path = ContentView.swift; sourceTree = "<group>"; };
		715938402C940ECD00FC9929 /* Assets.xcassets */ = {isa = PBXFileReference; lastKnownFileType = folder.assetcatalog; path = Assets.xcassets; sourceTree = "<group>"; };
		715938432C940ECD00FC9929 /* Preview Assets.xcassets */ = {isa = PBXFileReference; lastKnownFileType = folder.assetcatalog; path = "Preview Assets.xcassets"; sourceTree = "<group>"; };
		715938452C940ECD00FC9929 /* Persistence.swift */ = {isa = PBXFileReference; lastKnownFileType = sourcecode.swift; path = Persistence.swift; sourceTree = "<group>"; };
		715938482C940ECD00FC9929 /* EnMonDic.xcdatamodel */ = {isa = PBXFileReference; lastKnownFileType = wrapper.xcdatamodel; path = EnMonDic.xcdatamodel; sourceTree = "<group>"; };
		715938522C9413EF00FC9929 /* Mon3Anonta1.ttf */ = {isa = PBXFileReference; lastKnownFileType = file; path = Mon3Anonta1.ttf; sourceTree = "<group>"; };
		715938532C9413EF00FC9929 /* MUA_Office_adobe.ttf */ = {isa = PBXFileReference; lastKnownFileType = file; path = MUA_Office_adobe.ttf; sourceTree = "<group>"; };
		715938542C9413EF00FC9929 /* Pyidaungsu-1.7_Bold.ttf */ = {isa = PBXFileReference; lastKnownFileType = file; path = "Pyidaungsu-1.7_Bold.ttf"; sourceTree = "<group>"; };
		715938552C9413EF00FC9929 /* Pyidaungsu-1.7_Regular.ttf */ = {isa = PBXFileReference; lastKnownFileType = file; path = "Pyidaungsu-1.7_Regular.ttf"; sourceTree = "<group>"; };
		7159385B2C94142E00FC9929 /* dictionary.json */ = {isa = PBXFileReference; fileEncoding = 4; lastKnownFileType = text.json; path = dictionary.json; sourceTree = "<group>"; };
		7159385D2C941F9900FC9929 /* DataLoader.swift */ = {isa = PBXFileReference; lastKnownFileType = sourcecode.swift; path = DataLoader.swift; sourceTree = "<group>"; };
		7159385F2C94236D00FC9929 /* SearchView.swift */ = {isa = PBXFileReference; lastKnownFileType = sourcecode.swift; path = SearchView.swift; sourceTree = "<group>"; };
		715938612C942BF300FC9929 /* Tab.swift */ = {isa = PBXFileReference; lastKnownFileType = sourcecode.swift; path = Tab.swift; sourceTree = "<group>"; };
/* End PBXFileReference section */

/* Begin PBXFrameworksBuildPhase section */
		715938362C940ECC00FC9929 /* Frameworks */ = {
			isa = PBXFrameworksBuildPhase;
			buildActionMask = 2147483647;
			files = (
			);
			runOnlyForDeploymentPostprocessing = 0;
		};
/* End PBXFrameworksBuildPhase section */

/* Begin PBXGroup section */
		715938302C940ECC00FC9929 = {
			isa = PBXGroup;
			children = (
				7159383B2C940ECC00FC9929 /* EnMonDic */,
				7159383A2C940ECC00FC9929 /* Products */,
			);
			sourceTree = "<group>";
		};
		7159383A2C940ECC00FC9929 /* Products */ = {
			isa = PBXGroup;
			children = (
				715938392C940ECC00FC9929 /* EnMonDic.app */,
			);
			name = Products;
			sourceTree = "<group>";
		};
		7159383B2C940ECC00FC9929 /* EnMonDic */ = {
			isa = PBXGroup;
			children = (
				7159383C2C940ECC00FC9929 /* EnMonDicApp.swift */,
				715938512C94137100FC9929 /* Helper */,
				715938502C94136400FC9929 /* Views */,
				7159384F2C94135500FC9929 /* DataModel */,
				715938402C940ECD00FC9929 /* Assets.xcassets */,
				715938422C940ECD00FC9929 /* Preview Content */,
			);
			path = EnMonDic;
			sourceTree = "<group>";
		};
		715938422C940ECD00FC9929 /* Preview Content */ = {
			isa = PBXGroup;
			children = (
				715938432C940ECD00FC9929 /* Preview Assets.xcassets */,
			);
			path = "Preview Content";
			sourceTree = "<group>";
		};
		7159384F2C94135500FC9929 /* DataModel */ = {
			isa = PBXGroup;
			children = (
				715938452C940ECD00FC9929 /* Persistence.swift */,
				715938612C942BF300FC9929 /* Tab.swift */,
				715938472C940ECD00FC9929 /* EnMonDic.xcdatamodeld */,
				7159385D2C941F9900FC9929 /* DataLoader.swift */,
			);
			path = DataModel;
			sourceTree = "<group>";
		};
		715938502C94136400FC9929 /* Views */ = {
			isa = PBXGroup;
			children = (
				7159383E2C940ECC00FC9929 /* ContentView.swift */,
				7159385F2C94236D00FC9929 /* SearchView.swift */,
			);
			path = Views;
			sourceTree = "<group>";
		};
		715938512C94137100FC9929 /* Helper */ = {
			isa = PBXGroup;
			children = (
				7159385B2C94142E00FC9929 /* dictionary.json */,
				715938562C9413EF00FC9929 /* Fonts */,
			);
			path = Helper;
			sourceTree = "<group>";
		};
		715938562C9413EF00FC9929 /* Fonts */ = {
			isa = PBXGroup;
			children = (
				715938522C9413EF00FC9929 /* Mon3Anonta1.ttf */,
				715938532C9413EF00FC9929 /* MUA_Office_adobe.ttf */,
				715938542C9413EF00FC9929 /* Pyidaungsu-1.7_Bold.ttf */,
				715938552C9413EF00FC9929 /* Pyidaungsu-1.7_Regular.ttf */,
			);
			path = Fonts;
			sourceTree = "<group>";
		};
/* End PBXGroup section */

/* Begin PBXNativeTarget section */
		715938382C940ECC00FC9929 /* EnMonDic */ = {
			isa = PBXNativeTarget;
			buildConfigurationList = 7159384C2C940ECD00FC9929 /* Build configuration list for PBXNativeTarget "EnMonDic" */;
			buildPhases = (
				715938352C940ECC00FC9929 /* Sources */,
				715938362C940ECC00FC9929 /* Frameworks */,
				715938372C940ECC00FC9929 /* Resources */,
			);
			buildRules = (
			);
			dependencies = (
			);
			name = EnMonDic;
			productName = EnMonDic;
			productReference = 715938392C940ECC00FC9929 /* EnMonDic.app */;
			productType = "com.apple.product-type.application";
		};
/* End PBXNativeTarget section */

/* Begin PBXProject section */
		715938312C940ECC00FC9929 /* Project object */ = {
			isa = PBXProject;
			attributes = {
				BuildIndependentTargetsInParallel = 1;
				LastSwiftUpdateCheck = 1540;
				LastUpgradeCheck = 1540;
				TargetAttributes = {
					715938382C940ECC00FC9929 = {
						CreatedOnToolsVersion = 15.4;
					};
				};
			};
			buildConfigurationList = 715938342C940ECC00FC9929 /* Build configuration list for PBXProject "EnMonDic" */;
			compatibilityVersion = "Xcode 14.0";
			developmentRegion = en;
			hasScannedForEncodings = 0;
			knownRegions = (
				en,
				Base,
			);
			mainGroup = 715938302C940ECC00FC9929;
			productRefGroup = 7159383A2C940ECC00FC9929 /* Products */;
			projectDirPath = "";
			projectRoot = "";
			targets = (
				715938382C940ECC00FC9929 /* EnMonDic */,
			);
		};
/* End PBXProject section */

/* Begin PBXResourcesBuildPhase section */
		715938372C940ECC00FC9929 /* Resources */ = {
			isa = PBXResourcesBuildPhase;
			buildActionMask = 2147483647;
			files = (
				715938582C9413EF00FC9929 /* MUA_Office_adobe.ttf in Resources */,
				715938442C940ECD00FC9929 /* Preview Assets.xcassets in Resources */,
				715938412C940ECD00FC9929 /* Assets.xcassets in Resources */,
				7159385C2C94142E00FC9929 /* dictionary.json in Resources */,
				715938592C9413EF00FC9929 /* Pyidaungsu-1.7_Bold.ttf in Resources */,
				715938572C9413EF00FC9929 /* Mon3Anonta1.ttf in Resources */,
				7159385A2C9413EF00FC9929 /* Pyidaungsu-1.7_Regular.ttf in Resources */,
			);
			runOnlyForDeploymentPostprocessing = 0;
		};
/* End PBXResourcesBuildPhase section */

/* Begin PBXSourcesBuildPhase section */
		715938352C940ECC00FC9929 /* Sources */ = {
			isa = PBXSourcesBuildPhase;
			buildActionMask = 2147483647;
			files = (
				7159385E2C941F9900FC9929 /* DataLoader.swift in Sources */,
				715938462C940ECD00FC9929 /* Persistence.swift in Sources */,
				7159383F2C940ECC00FC9929 /* ContentView.swift in Sources */,
				715938492C940ECD00FC9929 /* EnMonDic.xcdatamodeld in Sources */,
				715938602C94236D00FC9929 /* SearchView.swift in Sources */,
				7159383D2C940ECC00FC9929 /* EnMonDicApp.swift in Sources */,
				715938622C942BF300FC9929 /* Tab.swift in Sources */,
			);
			runOnlyForDeploymentPostprocessing = 0;
		};
/* End PBXSourcesBuildPhase section */

/* Begin XCBuildConfiguration section */
		7159384A2C940ECD00FC9929 /* Debug */ = {
			isa = XCBuildConfiguration;
			buildSettings = {
				ALWAYS_SEARCH_USER_PATHS = NO;
				ASSETCATALOG_COMPILER_GENERATE_SWIFT_ASSET_SYMBOL_EXTENSIONS = YES;
				CLANG_ANALYZER_NONNULL = YES;
				CLANG_ANALYZER_NUMBER_OBJECT_CONVERSION = YES_AGGRESSIVE;
				CLANG_CXX_LANGUAGE_STANDARD = "gnu++20";
				CLANG_ENABLE_MODULES = YES;
				CLANG_ENABLE_OBJC_ARC = YES;
				CLANG_ENABLE_OBJC_WEAK = YES;
				CLANG_WARN_BLOCK_CAPTURE_AUTORELEASING = YES;
				CLANG_WARN_BOOL_CONVERSION = YES;
				CLANG_WARN_COMMA = YES;
				CLANG_WARN_CONSTANT_CONVERSION = YES;
				CLANG_WARN_DEPRECATED_OBJC_IMPLEMENTATIONS = YES;
				CLANG_WARN_DIRECT_OBJC_ISA_USAGE = YES_ERROR;
				CLANG_WARN_DOCUMENTATION_COMMENTS = YES;
				CLANG_WARN_EMPTY_BODY = YES;
				CLANG_WARN_ENUM_CONVERSION = YES;
				CLANG_WARN_INFINITE_RECURSION = YES;
				CLANG_WARN_INT_CONVERSION = YES;
				CLANG_WARN_NON_LITERAL_NULL_CONVERSION = YES;
				CLANG_WARN_OBJC_IMPLICIT_RETAIN_SELF = YES;
				CLANG_WARN_OBJC_LITERAL_CONVERSION = YES;
				CLANG_WARN_OBJC_ROOT_CLASS = YES_ERROR;
				CLANG_WARN_QUOTED_INCLUDE_IN_FRAMEWORK_HEADER = YES;
				CLANG_WARN_RANGE_LOOP_ANALYSIS = YES;
				CLANG_WARN_STRICT_PROTOTYPES = YES;
				CLANG_WARN_SUSPICIOUS_MOVE = YES;
				CLANG_WARN_UNGUARDED_AVAILABILITY = YES_AGGRESSIVE;
				CLANG_WARN_UNREACHABLE_CODE = YES;
				CLANG_WARN__DUPLICATE_METHOD_MATCH = YES;
				COPY_PHASE_STRIP = NO;
				DEBUG_INFORMATION_FORMAT = dwarf;
				ENABLE_STRICT_OBJC_MSGSEND = YES;
				ENABLE_TESTABILITY = YES;
				ENABLE_USER_SCRIPT_SANDBOXING = YES;
				GCC_C_LANGUAGE_STANDARD = gnu17;
				GCC_DYNAMIC_NO_PIC = NO;
				GCC_NO_COMMON_BLOCKS = YES;
				GCC_OPTIMIZATION_LEVEL = 0;
				GCC_PREPROCESSOR_DEFINITIONS = (
					"DEBUG=1",
					"$(inherited)",
				);
				GCC_WARN_64_TO_32_BIT_CONVERSION = YES;
				GCC_WARN_ABOUT_RETURN_TYPE = YES_ERROR;
				GCC_WARN_UNDECLARED_SELECTOR = YES;
				GCC_WARN_UNINITIALIZED_AUTOS = YES_AGGRESSIVE;
				GCC_WARN_UNUSED_FUNCTION = YES;
				GCC_WARN_UNUSED_VARIABLE = YES;
				IPHONEOS_DEPLOYMENT_TARGET = 17.5;
				LOCALIZATION_PREFERS_STRING_CATALOGS = YES;
				MTL_ENABLE_DEBUG_INFO = INCLUDE_SOURCE;
				MTL_FAST_MATH = YES;
				ONLY_ACTIVE_ARCH = YES;
				SDKROOT = iphoneos;
				SWIFT_ACTIVE_COMPILATION_CONDITIONS = "DEBUG $(inherited)";
				SWIFT_OPTIMIZATION_LEVEL = "-Onone";
			};
			name = Debug;
		};
		7159384B2C940ECD00FC9929 /* Release */ = {
			isa = XCBuildConfiguration;
			buildSettings = {
				ALWAYS_SEARCH_USER_PATHS = NO;
				ASSETCATALOG_COMPILER_GENERATE_SWIFT_ASSET_SYMBOL_EXTENSIONS = YES;
				CLANG_ANALYZER_NONNULL = YES;
				CLANG_ANALYZER_NUMBER_OBJECT_CONVERSION = YES_AGGRESSIVE;
				CLANG_CXX_LANGUAGE_STANDARD = "gnu++20";
				CLANG_ENABLE_MODULES = YES;
				CLANG_ENABLE_OBJC_ARC = YES;
				CLANG_ENABLE_OBJC_WEAK = YES;
				CLANG_WARN_BLOCK_CAPTURE_AUTORELEASING = YES;
				CLANG_WARN_BOOL_CONVERSION = YES;
				CLANG_WARN_COMMA = YES;
				CLANG_WARN_CONSTANT_CONVERSION = YES;
				CLANG_WARN_DEPRECATED_OBJC_IMPLEMENTATIONS = YES;
				CLANG_WARN_DIRECT_OBJC_ISA_USAGE = YES_ERROR;
				CLANG_WARN_DOCUMENTATION_COMMENTS = YES;
				CLANG_WARN_EMPTY_BODY = YES;
				CLANG_WARN_ENUM_CONVERSION = YES;
				CLANG_WARN_INFINITE_RECURSION = YES;
				CLANG_WARN_INT_CONVERSION = YES;
				CLANG_WARN_NON_LITERAL_NULL_CONVERSION = YES;
				CLANG_WARN_OBJC_IMPLICIT_RETAIN_SELF = YES;
				CLANG_WARN_OBJC_LITERAL_CONVERSION = YES;
				CLANG_WARN_OBJC_ROOT_CLASS = YES_ERROR;
				CLANG_WARN_QUOTED_INCLUDE_IN_FRAMEWORK_HEADER = YES;
				CLANG_WARN_RANGE_LOOP_ANALYSIS = YES;
				CLANG_WARN_STRICT_PROTOTYPES = YES;
				CLANG_WARN_SUSPICIOUS_MOVE = YES;
				CLANG_WARN_UNGUARDED_AVAILABILITY = YES_AGGRESSIVE;
				CLANG_WARN_UNREACHABLE_CODE = YES;
				CLANG_WARN__DUPLICATE_METHOD_MATCH = YES;
				COPY_PHASE_STRIP = NO;
				DEBUG_INFORMATION_FORMAT = "dwarf-with-dsym";
				ENABLE_NS_ASSERTIONS = NO;
				ENABLE_STRICT_OBJC_MSGSEND = YES;
				ENABLE_USER_SCRIPT_SANDBOXING = YES;
				GCC_C_LANGUAGE_STANDARD = gnu17;
				GCC_NO_COMMON_BLOCKS = YES;
				GCC_WARN_64_TO_32_BIT_CONVERSION = YES;
				GCC_WARN_ABOUT_RETURN_TYPE = YES_ERROR;
				GCC_WARN_UNDECLARED_SELECTOR = YES;
				GCC_WARN_UNINITIALIZED_AUTOS = YES_AGGRESSIVE;
				GCC_WARN_UNUSED_FUNCTION = YES;
				GCC_WARN_UNUSED_VARIABLE = YES;
				IPHONEOS_DEPLOYMENT_TARGET = 17.5;
				LOCALIZATION_PREFERS_STRING_CATALOGS = YES;
				MTL_ENABLE_DEBUG_INFO = NO;
				MTL_FAST_MATH = YES;
				SDKROOT = iphoneos;
				SWIFT_COMPILATION_MODE = wholemodule;
				VALIDATE_PRODUCT = YES;
			};
			name = Release;
		};
		7159384D2C940ECD00FC9929 /* Debug */ = {
			isa = XCBuildConfiguration;
			buildSettings = {
				ASSETCATALOG_COMPILER_APPICON_NAME = AppIcon;
				ASSETCATALOG_COMPILER_GLOBAL_ACCENT_COLOR_NAME = AccentColor;
				CODE_SIGN_STYLE = Automatic;
				CURRENT_PROJECT_VERSION = 1;
				DEVELOPMENT_ASSET_PATHS = "\"EnMonDic/Preview Content\"";
				DEVELOPMENT_TEAM = 86SZC8RRQ7;
				ENABLE_PREVIEWS = YES;
				GENERATE_INFOPLIST_FILE = YES;
				INFOPLIST_KEY_UIApplicationSceneManifest_Generation = YES;
				INFOPLIST_KEY_UIApplicationSupportsIndirectInputEvents = YES;
				INFOPLIST_KEY_UILaunchScreen_Generation = YES;
				INFOPLIST_KEY_UISupportedInterfaceOrientations_iPad = "UIInterfaceOrientationPortrait UIInterfaceOrientationPortraitUpsideDown UIInterfaceOrientationLandscapeLeft UIInterfaceOrientationLandscapeRight";
				INFOPLIST_KEY_UISupportedInterfaceOrientations_iPhone = "UIInterfaceOrientationPortrait UIInterfaceOrientationLandscapeLeft UIInterfaceOrientationLandscapeRight";
				LD_RUNPATH_SEARCH_PATHS = (
					"$(inherited)",
					"@executable_path/Frameworks",
				);
				MARKETING_VERSION = 1.0;
				PRODUCT_BUNDLE_IDENTIFIER = com.saikchan.EnMonDic;
				PRODUCT_NAME = "$(TARGET_NAME)";
				SWIFT_EMIT_LOC_STRINGS = YES;
				SWIFT_VERSION = 5.0;
				TARGETED_DEVICE_FAMILY = "1,2";
			};
			name = Debug;
		};
		7159384E2C940ECD00FC9929 /* Release */ = {
			isa = XCBuildConfiguration;
			buildSettings = {
				ASSETCATALOG_COMPILER_APPICON_NAME = AppIcon;
				ASSETCATALOG_COMPILER_GLOBAL_ACCENT_COLOR_NAME = AccentColor;
				CODE_SIGN_STYLE = Automatic;
				CURRENT_PROJECT_VERSION = 1;
				DEVELOPMENT_ASSET_PATHS = "\"EnMonDic/Preview Content\"";
				DEVELOPMENT_TEAM = 86SZC8RRQ7;
				ENABLE_PREVIEWS = YES;
				GENERATE_INFOPLIST_FILE = YES;
				INFOPLIST_KEY_UIApplicationSceneManifest_Generation = YES;
				INFOPLIST_KEY_UIApplicationSupportsIndirectInputEvents = YES;
				INFOPLIST_KEY_UILaunchScreen_Generation = YES;
				INFOPLIST_KEY_UISupportedInterfaceOrientations_iPad = "UIInterfaceOrientationPortrait UIInterfaceOrientationPortraitUpsideDown UIInterfaceOrientationLandscapeLeft UIInterfaceOrientationLandscapeRight";
				INFOPLIST_KEY_UISupportedInterfaceOrientations_iPhone = "UIInterfaceOrientationPortrait UIInterfaceOrientationLandscapeLeft UIInterfaceOrientationLandscapeRight";
				LD_RUNPATH_SEARCH_PATHS = (
					"$(inherited)",
					"@executable_path/Frameworks",
				);
				MARKETING_VERSION = 1.0;
				PRODUCT_BUNDLE_IDENTIFIER = com.saikchan.EnMonDic;
				PRODUCT_NAME = "$(TARGET_NAME)";
				SWIFT_EMIT_LOC_STRINGS = YES;
				SWIFT_VERSION = 5.0;
				TARGETED_DEVICE_FAMILY = "1,2";
			};
			name = Release;
		};
/* End XCBuildConfiguration section */

/* Begin XCConfigurationList section */
		715938342C940ECC00FC9929 /* Build configuration list for PBXProject "EnMonDic" */ = {
			isa = XCConfigurationList;
			buildConfigurations = (
				7159384A2C940ECD00FC9929 /* Debug */,
				7159384B2C940ECD00FC9929 /* Release */,
			);
			defaultConfigurationIsVisible = 0;
			defaultConfigurationName = Release;
		};
		7159384C2C940ECD00FC9929 /* Build configuration list for PBXNativeTarget "EnMonDic" */ = {
			isa = XCConfigurationList;
			buildConfigurations = (
				7159384D2C940ECD00FC9929 /* Debug */,
				7159384E2C940ECD00FC9929 /* Release */,
			);
			defaultConfigurationIsVisible = 0;
			defaultConfigurationName = Release;
		};
/* End XCConfigurationList section */

/* Begin XCVersionGroup section */
		715938472C940ECD00FC9929 /* EnMonDic.xcdatamodeld */ = {
			isa = XCVersionGroup;
			children = (
				715938482C940ECD00FC9929 /* EnMonDic.xcdatamodel */,
			);
			currentVersion = 715938482C940ECD00FC9929 /* EnMonDic.xcdatamodel */;
			path = EnMonDic.xcdatamodeld;
			sourceTree = "<group>";
			versionGroupType = wrapper.xcdatamodel;
		};
/* End XCVersionGroup section */
	};
	rootObject = 715938312C940ECC00FC9929 /* Project object */;
}
